{
  "name": "typescript-nodejs-project",
  "version": "0.0.0",
  "lockfileVersion": 2,
  "requires": true,
  "packages": {
    "": {
      "name": "typescript-nodejs-project",
      "version": "0.0.0",
      "license": "ISC",
      "dependencies": {
        "postman-sandbox": "github:DetachHead/postman-sandbox#103a3b021f139eb8a1b722a2b5911503836cbe2f"
      },
      "devDependencies": {
        "typescript": "^4.4.0-beta"
      }
    },
    "node_modules/@faker-js/faker": {
      "version": "6.0.0",
      "resolved": "https://registry.npmjs.org/@faker-js/faker/-/faker-6.0.0.tgz",
      "integrity": "sha512-10zLCKhp3YEmBuko71ivcMoIZcCLXgQVck6aNswX+AWwaek/L8S3yz9i8m3tHigRkcF6F2vI+qtdtyySHK+bGA==",
      "engines": {
        "node": ">=14.0.0",
        "npm": ">=7.0.0"
      }
    },
    "node_modules/@types/chai": {
      "version": "4.3.1",
      "resolved": "https://registry.npmjs.org/@types/chai/-/chai-4.3.1.tgz",
      "integrity": "sha512-/zPMqDkzSZ8t3VtxOa4KPq7uzzW978M9Tvh+j7GHKuo6k6GTLxPJ4J5gE5cjfJ26pnXst0N5Hax8Sr0T2Mi9zQ=="
    },
    "node_modules/@types/node": {
      "version": "16.10.5",
      "resolved": "https://registry.npmjs.org/@types/node/-/node-16.10.5.tgz",
      "integrity": "sha512-9iI3OOlkyOjLQQ9s+itIJNMRepDhB/96jW3fqduJ2FTPQj1dJjw6Q3QCImF9FE1wmdBs5QSun4FjDSFS8d8JLw=="
    },
    "node_modules/@types/postman-collection": {
      "version": "3.5.7",
      "resolved": "https://registry.npmjs.org/@types/postman-collection/-/postman-collection-3.5.7.tgz",
      "integrity": "sha512-wqZ/MlGEYP+RoiofnAnKDJAHxRzmMK97CeFLoHPNoHdHX0uyBLCDl+uZV9x4xuPVRjkeM4xcarIaUaUk47c7SQ==",
      "dependencies": {
        "@types/node": "*"
      }
    },
    "node_modules/charset": {
      "version": "1.0.1",
      "resolved": "https://registry.npmjs.org/charset/-/charset-1.0.1.tgz",
      "integrity": "sha512-6dVyOOYjpfFcL1Y4qChrAoQLRHvj2ziyhcm0QJlhOcAhykL/k1kTUPbeo+87MNRTRdk2OIIsIXbuF3x2wi5EXg==",
      "engines": {
        "node": ">=4.0.0"
      }
    },
    "node_modules/file-type": {
      "version": "3.9.0",
      "resolved": "https://registry.npmjs.org/file-type/-/file-type-3.9.0.tgz",
      "integrity": "sha1-JXoHg4TR24CHvESdEH1SpSZyuek=",
      "engines": {
        "node": ">=0.10.0"
      }
    },
    "node_modules/http-reasons": {
      "version": "0.1.0",
      "resolved": "https://registry.npmjs.org/http-reasons/-/http-reasons-0.1.0.tgz",
      "integrity": "sha1-qVPKZwB4Zp3eFCzomUAbnW6F07Q="
    },
    "node_modules/liquid-json": {
      "version": "0.3.1",
      "resolved": "https://registry.npmjs.org/liquid-json/-/liquid-json-0.3.1.tgz",
      "integrity": "sha1-kVWhgTbYprJhXl8W+aJEira1Duo=",
      "engines": {
        "node": ">=4"
      }
    },
    "node_modules/lodash": {
      "version": "4.17.21",
      "resolved": "https://registry.npmjs.org/lodash/-/lodash-4.17.21.tgz",
      "integrity": "sha512-v2kDEe57lecTulaDIuNTPy3Ry4gLGJ6Z1O3vE1krgXZNrsQ+LFTGHVxVjcXPs17LhbZVGedAJv8XZ1tvj5FvSg=="
    },
    "node_modules/lru-cache": {
      "version": "6.0.0",
      "resolved": "https://registry.npmjs.org/lru-cache/-/lru-cache-6.0.0.tgz",
      "integrity": "sha512-Jo6dJ04CmSjuznwJSS3pUeWmd/H0ffTlkXXgwZi+eq1UCmqQwCh+eLsYOYCwY991i2Fah4h1BEMCx4qThGbsiA==",
      "dependencies": {
        "yallist": "^4.0.0"
      },
      "engines": {
        "node": ">=10"
      }
    },
    "node_modules/mime-db": {
      "version": "1.52.0",
      "resolved": "https://registry.npmjs.org/mime-db/-/mime-db-1.52.0.tgz",
      "integrity": "sha512-sPU4uV7dYlvtWJxwwxHD0PuihVNiE7TyAbQ5SWxDCB9mUYvOgroQOwYQQOKPJ8CIbE+1ETVlOoK1UC2nU3gYvg==",
      "engines": {
        "node": ">= 0.6"
      }
    },
    "node_modules/mime-format": {
      "version": "2.0.1",
      "resolved": "https://registry.npmjs.org/mime-format/-/mime-format-2.0.1.tgz",
      "integrity": "sha512-XxU3ngPbEnrYnNbIX+lYSaYg0M01v6p2ntd2YaFksTu0vayaw5OJvbdRyWs07EYRlLED5qadUZ+xo+XhOvFhwg==",
      "dependencies": {
        "charset": "^1.0.0"
      }
    },
    "node_modules/mime-types": {
      "version": "2.1.35",
      "resolved": "https://registry.npmjs.org/mime-types/-/mime-types-2.1.35.tgz",
      "integrity": "sha512-ZDY+bPm5zTTF+YpCrAU9nK0UgICYPT0QtT1NZWFv4s++TNkcgVaT0g6+4R2uI4MjQjzysHB1zxuWL50hzaeXiw==",
      "dependencies": {
        "mime-db": "1.52.0"
      },
      "engines": {
        "node": ">= 0.6"
      }
    },
    "node_modules/postman-collection": {
      "version": "4.1.2",
      "resolved": "https://registry.npmjs.org/postman-collection/-/postman-collection-4.1.2.tgz",
      "integrity": "sha512-nRYgzeo2VwQZZXF8YUMUvG8wKXPmjQ+BZPMXix+tNRWBHWAdqa191AwBL80LQxvHzECYp8Lp1JXMpg4OMXHLnw==",
      "dependencies": {
        "@faker-js/faker": "6.0.0",
        "file-type": "3.9.0",
        "http-reasons": "0.1.0",
        "iconv-lite": "0.6.3",
        "liquid-json": "0.3.1",
        "lodash": "4.17.21",
        "mime-format": "2.0.1",
        "mime-types": "2.1.35",
        "postman-url-encoder": "3.0.5",
        "semver": "7.3.5",
        "uuid": "8.3.2"
      },
      "engines": {
        "node": ">=10"
      }
    },
    "node_modules/postman-collection/node_modules/iconv-lite": {
      "version": "0.6.3",
      "resolved": "https://registry.npmjs.org/iconv-lite/-/iconv-lite-0.6.3.tgz",
      "integrity": "sha512-4fCk79wshMdzMp2rH06qWrJE4iolqLhCUH+OiuIgU++RB0+94NlDL81atO7GX55uUKueo0txHNtvEyI6D7WdMw==",
      "dependencies": {
        "safer-buffer": ">= 2.1.2 < 3.0.0"
      },
      "engines": {
        "node": ">=0.10.0"
      }
    },
    "node_modules/postman-sandbox": {
      "version": "4.0.6",
      "resolved": "git+ssh://git@github.com/DetachHead/postman-sandbox.git#103a3b021f139eb8a1b722a2b5911503836cbe2f",
      "integrity": "sha512-D7ylvTdbHnePKvKHVoNPklcjthCm2hEoL3HcoUbjcLUthGw5AxMvq8XZAou+HvJbTK98Wg//UdjJG/hI7EJE2w==",
      "license": "Apache-2.0",
      "dependencies": {
        "@types/chai": "^4.3.1",
        "@types/postman-collection": "^3.5.7",
        "lodash": "4.17.21",
        "postman-collection": "^4.1.1",
        "teleport-javascript": "1.0.0",
        "uvm": "2.0.2"
      },
      "engines": {
        "node": ">=10"
      }
    },
    "node_modules/postman-url-encoder": {
      "version": "3.0.5",
      "resolved": "https://registry.npmjs.org/postman-url-encoder/-/postman-url-encoder-3.0.5.tgz",
      "integrity": "sha512-jOrdVvzUXBC7C+9gkIkpDJ3HIxOHTIqjpQ4C1EMt1ZGeMvSEpbFCKq23DEfgsj46vMnDgyQf+1ZLp2Wm+bKSsA==",
      "dependencies": {
        "punycode": "^2.1.1"
      },
      "engines": {
        "node": ">=10"
      }
    },
    "node_modules/punycode": {
      "version": "2.1.1",
      "resolved": "https://registry.npmjs.org/punycode/-/punycode-2.1.1.tgz",
      "integrity": "sha512-XRsRjdf+j5ml+y/6GKHPZbrF/8p2Yga0JPtdqTIY2Xe5ohJPD9saDJJLPvp9+NSBprVvevdXZybnj2cv8OEd0A==",
      "engines": {
        "node": ">=6"
      }
    },
    "node_modules/safer-buffer": {
      "version": "2.1.2",
      "resolved": "https://registry.npmjs.org/safer-buffer/-/safer-buffer-2.1.2.tgz",
      "integrity": "sha512-YZo3K82SD7Riyi0E1EQPojLz7kpepnSQI9IyPbHHg1XXXevb5dJI7tpyN2ADxGcQbHG7vcyRHk0cbwqcQriUtg=="
    },
    "node_modules/semver": {
      "version": "7.3.5",
      "resolved": "https://registry.npmjs.org/semver/-/semver-7.3.5.tgz",
      "integrity": "sha512-PoeGJYh8HK4BTO/a9Tf6ZG3veo/A7ZVsYrSA6J8ny9nb3B1VrpkuN+z9OE5wfE5p6H4LchYZsegiQgbJD94ZFQ==",
      "dependencies": {
        "lru-cache": "^6.0.0"
      },
      "bin": {
        "semver": "bin/semver.js"
      },
      "engines": {
        "node": ">=10"
      }
    },
    "node_modules/teleport-javascript": {
      "version": "1.0.0",
      "resolved": "https://registry.npmjs.org/teleport-javascript/-/teleport-javascript-1.0.0.tgz",
      "integrity": "sha512-j1llvWVFyEn/6XIFDfX5LAU43DXe0GCt3NfXDwJ8XpRRMkS+i50SAkonAONBy+vxwPFBd50MFU8a2uj8R/ccLg=="
    },
    "node_modules/typescript": {
      "version": "4.4.3",
      "resolved": "https://registry.npmjs.org/typescript/-/typescript-4.4.3.tgz",
      "integrity": "sha512-4xfscpisVgqqDfPaJo5vkd+Qd/ItkoagnHpufr+i2QCHBsNYp+G7UAoyFl8aPtx879u38wPV65rZ8qbGZijalA==",
      "dev": true,
      "bin": {
        "tsc": "bin/tsc",
        "tsserver": "bin/tsserver"
      },
      "engines": {
        "node": ">=4.2.0"
      }
    },
    "node_modules/uuid": {
      "version": "8.3.2",
      "resolved": "https://registry.npmjs.org/uuid/-/uuid-8.3.2.tgz",
      "integrity": "sha512-+NYs2QeMWy+GWFOEm9xnn6HCDp0l7QBD7ml8zLUmJ+93Q5NF0NocErnwkTkXVFNiX3/fpC6afS8Dhb/gz7R7eg==",
      "bin": {
        "uuid": "dist/bin/uuid"
      }
    },
    "node_modules/uvm": {
      "version": "2.0.2",
      "resolved": "https://registry.npmjs.org/uvm/-/uvm-2.0.2.tgz",
      "integrity": "sha512-Ra+aPiS5GXAbwXmyNExqdS42sTqmmx4XWEDF8uJlsTfOkKf9Rd9xNgav1Yckv4HfVEZg4iOFODWHFYuJ+9Fzfg==",
      "dependencies": {
        "flatted": "3.1.1"
      },
      "engines": {
        "node": ">=10"
      }
    },
    "node_modules/uvm/node_modules/flatted": {
      "version": "3.1.1",
      "resolved": "https://registry.npmjs.org/flatted/-/flatted-3.1.1.tgz",
      "integrity": "sha512-zAoAQiudy+r5SvnSw3KJy5os/oRJYHzrzja/tBDqrZtNhUw8bt6y8OBzMWcjWr+8liV8Eb6yOhw8WZ7VFZ5ZzA=="
    },
    "node_modules/yallist": {
      "version": "4.0.0",
      "resolved": "https://registry.npmjs.org/yallist/-/yallist-4.0.0.tgz",
      "integrity": "sha512-3wdGidZyq5PB084XLES5TpOSRA3wjXAlIWMhum2kRcv/41Sn2emQ0dycQW4uZXLejwKvg6EsvbdlVL+FYEct7A=="
    }
  },
  "dependencies": {
    "@faker-js/faker": {
      "version": "6.0.0",
      "resolved": "https://registry.npmjs.org/@faker-js/faker/-/faker-6.0.0.tgz",
      "integrity": "sha512-10zLCKhp3YEmBuko71ivcMoIZcCLXgQVck6aNswX+AWwaek/L8S3yz9i8m3tHigRkcF6F2vI+qtdtyySHK+bGA=="
    },
    "@types/chai": {
      "version": "4.3.1",
      "resolved": "https://registry.npmjs.org/@types/chai/-/chai-4.3.1.tgz",
      "integrity": "sha512-/zPMqDkzSZ8t3VtxOa4KPq7uzzW978M9Tvh+j7GHKuo6k6GTLxPJ4J5gE5cjfJ26pnXst0N5Hax8Sr0T2Mi9zQ=="
    },
    "@types/node": {
      "version": "16.10.5",
      "resolved": "https://registry.npmjs.org/@types/node/-/node-16.10.5.tgz",
      "integrity": "sha512-9iI3OOlkyOjLQQ9s+itIJNMRepDhB/96jW3fqduJ2FTPQj1dJjw6Q3QCImF9FE1wmdBs5QSun4FjDSFS8d8JLw=="
    },
    "@types/postman-collection": {
      "version": "3.5.7",
      "resolved": "https://registry.npmjs.org/@types/postman-collection/-/postman-collection-3.5.7.tgz",
      "integrity": "sha512-wqZ/MlGEYP+RoiofnAnKDJAHxRzmMK97CeFLoHPNoHdHX0uyBLCDl+uZV9x4xuPVRjkeM4xcarIaUaUk47c7SQ==",
      "requires": {
        "@types/node": "*"
      }
    },
    "charset": {
      "version": "1.0.1",
      "resolved": "https://registry.npmjs.org/charset/-/charset-1.0.1.tgz",
      "integrity": "sha512-6dVyOOYjpfFcL1Y4qChrAoQLRHvj2ziyhcm0QJlhOcAhykL/k1kTUPbeo+87MNRTRdk2OIIsIXbuF3x2wi5EXg=="
    },
    "file-type": {
      "version": "3.9.0",
      "resolved": "https://registry.npmjs.org/file-type/-/file-type-3.9.0.tgz",
      "integrity": "sha1-JXoHg4TR24CHvESdEH1SpSZyuek="
    },
    "http-reasons": {
      "version": "0.1.0",
      "resolved": "https://registry.npmjs.org/http-reasons/-/http-reasons-0.1.0.tgz",
      "integrity": "sha1-qVPKZwB4Zp3eFCzomUAbnW6F07Q="
    },
    "liquid-json": {
      "version": "0.3.1",
      "resolved": "https://registry.npmjs.org/liquid-json/-/liquid-json-0.3.1.tgz",
      "integrity": "sha1-kVWhgTbYprJhXl8W+aJEira1Duo="
    },
    "lodash": {
      "version": "4.17.21",
      "resolved": "https://registry.npmjs.org/lodash/-/lodash-4.17.21.tgz",
      "integrity": "sha512-v2kDEe57lecTulaDIuNTPy3Ry4gLGJ6Z1O3vE1krgXZNrsQ+LFTGHVxVjcXPs17LhbZVGedAJv8XZ1tvj5FvSg=="
    },
    "lru-cache": {
      "version": "6.0.0",
      "resolved": "https://registry.npmjs.org/lru-cache/-/lru-cache-6.0.0.tgz",
      "integrity": "sha512-Jo6dJ04CmSjuznwJSS3pUeWmd/H0ffTlkXXgwZi+eq1UCmqQwCh+eLsYOYCwY991i2Fah4h1BEMCx4qThGbsiA==",
      "requires": {
        "yallist": "^4.0.0"
      }
    },
    "mime-db": {
      "version": "1.52.0",
      "resolved": "https://registry.npmjs.org/mime-db/-/mime-db-1.52.0.tgz",
      "integrity": "sha512-sPU4uV7dYlvtWJxwwxHD0PuihVNiE7TyAbQ5SWxDCB9mUYvOgroQOwYQQOKPJ8CIbE+1ETVlOoK1UC2nU3gYvg=="
    },
    "mime-format": {
      "version": "2.0.1",
      "resolved": "https://registry.npmjs.org/mime-format/-/mime-format-2.0.1.tgz",
      "integrity": "sha512-XxU3ngPbEnrYnNbIX+lYSaYg0M01v6p2ntd2YaFksTu0vayaw5OJvbdRyWs07EYRlLED5qadUZ+xo+XhOvFhwg==",
      "requires": {
        "charset": "^1.0.0"
      }
    },
    "mime-types": {
      "version": "2.1.35",
      "resolved": "https://registry.npmjs.org/mime-types/-/mime-types-2.1.35.tgz",
      "integrity": "sha512-ZDY+bPm5zTTF+YpCrAU9nK0UgICYPT0QtT1NZWFv4s++TNkcgVaT0g6+4R2uI4MjQjzysHB1zxuWL50hzaeXiw==",
      "requires": {
        "mime-db": "1.52.0"
      }
    },
    "postman-collection": {
      "version": "4.1.2",
      "resolved": "https://registry.npmjs.org/postman-collection/-/postman-collection-4.1.2.tgz",
      "integrity": "sha512-nRYgzeo2VwQZZXF8YUMUvG8wKXPmjQ+BZPMXix+tNRWBHWAdqa191AwBL80LQxvHzECYp8Lp1JXMpg4OMXHLnw==",
      "requires": {
        "@faker-js/faker": "6.0.0",
        "file-type": "3.9.0",
        "http-reasons": "0.1.0",
        "iconv-lite": "0.6.3",
        "liquid-json": "0.3.1",
        "lodash": "4.17.21",
        "mime-format": "2.0.1",
        "mime-types": "2.1.35",
        "postman-url-encoder": "3.0.5",
        "semver": "7.3.5",
        "uuid": "8.3.2"
      },
      "dependencies": {
        "iconv-lite": {
          "version": "0.6.3",
          "resolved": "https://registry.npmjs.org/iconv-lite/-/iconv-lite-0.6.3.tgz",
          "integrity": "sha512-4fCk79wshMdzMp2rH06qWrJE4iolqLhCUH+OiuIgU++RB0+94NlDL81atO7GX55uUKueo0txHNtvEyI6D7WdMw==",
          "requires": {
            "safer-buffer": ">= 2.1.2 < 3.0.0"
          }
        }
      }
    },
    "postman-sandbox": {
      "version": "git+ssh://git@github.com/DetachHead/postman-sandbox.git#103a3b021f139eb8a1b722a2b5911503836cbe2f",
      "integrity": "sha512-D7ylvTdbHnePKvKHVoNPklcjthCm2hEoL3HcoUbjcLUthGw5AxMvq8XZAou+HvJbTK98Wg//UdjJG/hI7EJE2w==",
      "from": "postman-sandbox@github:DetachHead/postman-sandbox#103a3b021f139eb8a1b722a2b5911503836cbe2f",
      "requires": {
        "@types/chai": "^4.3.1",
        "@types/postman-collection": "^3.5.7",
        "lodash": "4.17.21",
        "postman-collection": "^4.1.1",
        "teleport-javascript": "1.0.0",
        "uvm": "2.0.2"
      }
    },
    "postman-url-encoder": {
      "version": "3.0.5",
      "resolved": "https://registry.npmjs.org/postman-url-encoder/-/postman-url-encoder-3.0.5.tgz",
      "integrity": "sha512-jOrdVvzUXBC7C+9gkIkpDJ3HIxOHTIqjpQ4C1EMt1ZGeMvSEpbFCKq23DEfgsj46vMnDgyQf+1ZLp2Wm+bKSsA==",
      "requires": {
        "punycode": "^2.1.1"
      }
    },
    "punycode": {
      "version": "2.1.1",
      "resolved": "https://registry.npmjs.org/punycode/-/punycode-2.1.1.tgz",
      "integrity": "sha512-XRsRjdf+j5ml+y/6GKHPZbrF/8p2Yga0JPtdqTIY2Xe5ohJPD9saDJJLPvp9+NSBprVvevdXZybnj2cv8OEd0A=="
    },
    "safer-buffer": {
      "version": "2.1.2",
      "resolved": "https://registry.npmjs.org/safer-buffer/-/safer-buffer-2.1.2.tgz",
      "integrity": "sha512-YZo3K82SD7Riyi0E1EQPojLz7kpepnSQI9IyPbHHg1XXXevb5dJI7tpyN2ADxGcQbHG7vcyRHk0cbwqcQriUtg=="
    },
    "semver": {
      "version": "7.3.5",
      "resolved": "https://registry.npmjs.org/semver/-/semver-7.3.5.tgz",
      "integrity": "sha512-PoeGJYh8HK4BTO/a9Tf6ZG3veo/A7ZVsYrSA6J8ny9nb3B1VrpkuN+z9OE5wfE5p6H4LchYZsegiQgbJD94ZFQ==",
      "requires": {
        "lru-cache": "^6.0.0"
      }
    },
    "teleport-javascript": {
      "version": "1.0.0",
      "resolved": "https://registry.npmjs.org/teleport-javascript/-/teleport-javascript-1.0.0.tgz",
      "integrity": "sha512-j1llvWVFyEn/6XIFDfX5LAU43DXe0GCt3NfXDwJ8XpRRMkS+i50SAkonAONBy+vxwPFBd50MFU8a2uj8R/ccLg=="
    },
    "typescript": {
      "version": "4.4.3",
      "resolved": "https://registry.npmjs.org/typescript/-/typescript-4.4.3.tgz",
      "integrity": "sha512-4xfscpisVgqqDfPaJo5vkd+Qd/ItkoagnHpufr+i2QCHBsNYp+G7UAoyFl8aPtx879u38wPV65rZ8qbGZijalA==",
      "dev": true
    },
    "uuid": {
      "version": "8.3.2",
      "resolved": "https://registry.npmjs.org/uuid/-/uuid-8.3.2.tgz",
      "integrity": "sha512-+NYs2QeMWy+GWFOEm9xnn6HCDp0l7QBD7ml8zLUmJ+93Q5NF0NocErnwkTkXVFNiX3/fpC6afS8Dhb/gz7R7eg=="
    },
    "uvm": {
      "version": "2.0.2",
      "resolved": "https://registry.npmjs.org/uvm/-/uvm-2.0.2.tgz",
      "integrity": "sha512-Ra+aPiS5GXAbwXmyNExqdS42sTqmmx4XWEDF8uJlsTfOkKf9Rd9xNgav1Yckv4HfVEZg4iOFODWHFYuJ+9Fzfg==",
      "requires": {
        "flatted": "3.1.1"
      },
      "dependencies": {
        "flatted": {
          "version": "3.1.1",
          "resolved": "https://registry.npmjs.org/flatted/-/flatted-3.1.1.tgz",
          "integrity": "sha512-zAoAQiudy+r5SvnSw3KJy5os/oRJYHzrzja/tBDqrZtNhUw8bt6y8OBzMWcjWr+8liV8Eb6yOhw8WZ7VFZ5ZzA=="
        }
      }
    },
    "yallist": {
      "version": "4.0.0",
      "resolved": "https://registry.npmjs.org/yallist/-/yallist-4.0.0.tgz",
      "integrity": "sha512-3wdGidZyq5PB084XLES5TpOSRA3wjXAlIWMhum2kRcv/41Sn2emQ0dycQW4uZXLejwKvg6EsvbdlVL+FYEct7A=="
    }
  }
}
